// !$*UTF8*$!
{
	archiveVersion = 1;
	classes = {
	};
	objectVersion = 55;
	objects = {

/* Begin PBXBuildFile section */
		A119570E27FC25C000BEFA15 /* AppDelegate.swift in Sources */ = {isa = PBXBuildFile; fileRef = A119570D27FC25C000BEFA15 /* AppDelegate.swift */; };
		A119571027FC25C000BEFA15 /* SceneDelegate.swift in Sources */ = {isa = PBXBuildFile; fileRef = A119570F27FC25C000BEFA15 /* SceneDelegate.swift */; };
		A119571227FC25C000BEFA15 /* ViewController.swift in Sources */ = {isa = PBXBuildFile; fileRef = A119571127FC25C000BEFA15 /* ViewController.swift */; };
		A119571727FC25C100BEFA15 /* Assets.xcassets in Resources */ = {isa = PBXBuildFile; fileRef = A119571627FC25C100BEFA15 /* Assets.xcassets */; };
		A119571A27FC25C100BEFA15 /* LaunchScreen.storyboard in Resources */ = {isa = PBXBuildFile; fileRef = A119571827FC25C100BEFA15 /* LaunchScreen.storyboard */; };
		A13B2C2A27FC2B920007B6A3 /* Image+Enums.swift in Sources */ = {isa = PBXBuildFile; fileRef = A13B2C2927FC2B920007B6A3 /* Image+Enums.swift */; };
		A13B2C2E27FC2C2A0007B6A3 /* DropDownMenuDisplayable.swift in Sources */ = {isa = PBXBuildFile; fileRef = A13B2C2D27FC2C2A0007B6A3 /* DropDownMenuDisplayable.swift */; };
		A13B2C3027FC2C520007B6A3 /* DropDownMenu.swift in Sources */ = {isa = PBXBuildFile; fileRef = A13B2C2F27FC2C520007B6A3 /* DropDownMenu.swift */; };
		A13B2C3227FC2C640007B6A3 /* DropDownMenuAnimationStyle.swift in Sources */ = {isa = PBXBuildFile; fileRef = A13B2C3127FC2C640007B6A3 /* DropDownMenuAnimationStyle.swift */; };
		A13B2C3427FC2C740007B6A3 /* DropDownMenuDelegate.swift in Sources */ = {isa = PBXBuildFile; fileRef = A13B2C3327FC2C740007B6A3 /* DropDownMenuDelegate.swift */; };
		A13B2C3627FC2C820007B6A3 /* DropDownMenuState.swift in Sources */ = {isa = PBXBuildFile; fileRef = A13B2C3527FC2C820007B6A3 /* DropDownMenuState.swift */; };
		A13B2C3927FC2D900007B6A3 /* UIView+Extensions.swift in Sources */ = {isa = PBXBuildFile; fileRef = A13B2C3827FC2D900007B6A3 /* UIView+Extensions.swift */; };
/* End PBXBuildFile section */

/* Begin PBXFileReference section */
		A119570A27FC25C000BEFA15 /* DropDownMenu.app */ = {isa = PBXFileReference; explicitFileType = wrapper.application; includeInIndex = 0; path = DropDownMenu.app; sourceTree = BUILT_PRODUCTS_DIR; };
		A119570D27FC25C000BEFA15 /* AppDelegate.swift */ = {isa = PBXFileReference; lastKnownFileType = sourcecode.swift; path = AppDelegate.swift; sourceTree = "<group>"; };
		A119570F27FC25C000BEFA15 /* SceneDelegate.swift */ = {isa = PBXFileReference; lastKnownFileType = sourcecode.swift; path = SceneDelegate.swift; sourceTree = "<group>"; };
		A119571127FC25C000BEFA15 /* ViewController.swift */ = {isa = PBXFileReference; lastKnownFileType = sourcecode.swift; path = ViewController.swift; sourceTree = "<group>"; };
		A119571627FC25C100BEFA15 /* Assets.xcassets */ = {isa = PBXFileReference; lastKnownFileType = folder.assetcatalog; path = Assets.xcassets; sourceTree = "<group>"; };
		A119571927FC25C100BEFA15 /* Base */ = {isa = PBXFileReference; lastKnownFileType = file.storyboard; name = Base; path = Base.lproj/LaunchScreen.storyboard; sourceTree = "<group>"; };
		A119571B27FC25C100BEFA15 /* Info.plist */ = {isa = PBXFileReference; lastKnownFileType = text.plist.xml; path = Info.plist; sourceTree = "<group>"; };
		A13B2C2927FC2B920007B6A3 /* Image+Enums.swift */ = {isa = PBXFileReference; lastKnownFileType = sourcecode.swift; path = "Image+Enums.swift"; sourceTree = "<group>"; };
		A13B2C2D27FC2C2A0007B6A3 /* DropDownMenuDisplayable.swift */ = {isa = PBXFileReference; lastKnownFileType = sourcecode.swift; path = DropDownMenuDisplayable.swift; sourceTree = "<group>"; };
		A13B2C2F27FC2C520007B6A3 /* DropDownMenu.swift */ = {isa = PBXFileReference; lastKnownFileType = sourcecode.swift; path = DropDownMenu.swift; sourceTree = "<group>"; };
		A13B2C3127FC2C640007B6A3 /* DropDownMenuAnimationStyle.swift */ = {isa = PBXFileReference; lastKnownFileType = sourcecode.swift; path = DropDownMenuAnimationStyle.swift; sourceTree = "<group>"; };
		A13B2C3327FC2C740007B6A3 /* DropDownMenuDelegate.swift */ = {isa = PBXFileReference; lastKnownFileType = sourcecode.swift; path = DropDownMenuDelegate.swift; sourceTree = "<group>"; };
		A13B2C3527FC2C820007B6A3 /* DropDownMenuState.swift */ = {isa = PBXFileReference; lastKnownFileType = sourcecode.swift; path = DropDownMenuState.swift; sourceTree = "<group>"; };
		A13B2C3827FC2D900007B6A3 /* UIView+Extensions.swift */ = {isa = PBXFileReference; lastKnownFileType = sourcecode.swift; path = "UIView+Extensions.swift"; sourceTree = "<group>"; };
/* End PBXFileReference section */

/* Begin PBXFrameworksBuildPhase section */
		A119570727FC25C000BEFA15 /* Frameworks */ = {
			isa = PBXFrameworksBuildPhase;
			buildActionMask = 2147483647;
			files = (
			);
			runOnlyForDeploymentPostprocessing = 0;
		};
/* End PBXFrameworksBuildPhase section */

/* Begin PBXGroup section */
		A119570127FC25C000BEFA15 = {
			isa = PBXGroup;
			children = (
				A119570C27FC25C000BEFA15 /* DropDownMenu */,
				A119570B27FC25C000BEFA15 /* Products */,
			);
			sourceTree = "<group>";
		};
		A119570B27FC25C000BEFA15 /* Products */ = {
			isa = PBXGroup;
			children = (
				A119570A27FC25C000BEFA15 /* DropDownMenu.app */,
			);
			name = Products;
			sourceTree = "<group>";
		};
		A119570C27FC25C000BEFA15 /* DropDownMenu */ = {
			isa = PBXGroup;
			children = (
				A119570D27FC25C000BEFA15 /* AppDelegate.swift */,
				A119570F27FC25C000BEFA15 /* SceneDelegate.swift */,
				A13B2C3727FC2D810007B6A3 /* Extensions */,
				A13B2C2B27FC2C0A0007B6A3 /* Views */,
				A13B2C2827FC2B860007B6A3 /* Enums */,
				A13B2C2627FC29460007B6A3 /* Scenes */,
				A119571627FC25C100BEFA15 /* Assets.xcassets */,
				A119571827FC25C100BEFA15 /* LaunchScreen.storyboard */,
				A119571B27FC25C100BEFA15 /* Info.plist */,
			);
			path = DropDownMenu;
			sourceTree = "<group>";
		};
		A13B2C2627FC29460007B6A3 /* Scenes */ = {
			isa = PBXGroup;
			children = (
				A13B2C2727FC294D0007B6A3 /* Main */,
			);
			path = Scenes;
			sourceTree = "<group>";
		};
		A13B2C2727FC294D0007B6A3 /* Main */ = {
			isa = PBXGroup;
			children = (
				A119571127FC25C000BEFA15 /* ViewController.swift */,
			);
			path = Main;
			sourceTree = "<group>";
		};
		A13B2C2827FC2B860007B6A3 /* Enums */ = {
			isa = PBXGroup;
			children = (
				A13B2C2927FC2B920007B6A3 /* Image+Enums.swift */,
			);
			path = Enums;
			sourceTree = "<group>";
		};
		A13B2C2B27FC2C0A0007B6A3 /* Views */ = {
			isa = PBXGroup;
			children = (
				A13B2C2C27FC2C140007B6A3 /* DropDownMenu */,
			);
			path = Views;
			sourceTree = "<group>";
		};
		A13B2C2C27FC2C140007B6A3 /* DropDownMenu */ = {
			isa = PBXGroup;
			children = (
				A13B2C2D27FC2C2A0007B6A3 /* DropDownMenuDisplayable.swift */,
				A13B2C2F27FC2C520007B6A3 /* DropDownMenu.swift */,
				A13B2C3127FC2C640007B6A3 /* DropDownMenuAnimationStyle.swift */,
				A13B2C3327FC2C740007B6A3 /* DropDownMenuDelegate.swift */,
				A13B2C3527FC2C820007B6A3 /* DropDownMenuState.swift */,
			);
			path = DropDownMenu;
			sourceTree = "<group>";
		};
		A13B2C3727FC2D810007B6A3 /* Extensions */ = {
			isa = PBXGroup;
			children = (
				A13B2C3827FC2D900007B6A3 /* UIView+Extensions.swift */,
			);
			path = Extensions;
			sourceTree = "<group>";
		};
/* End PBXGroup section */

/* Begin PBXNativeTarget section */
		A119570927FC25C000BEFA15 /* DropDownMenu */ = {
			isa = PBXNativeTarget;
			buildConfigurationList = A119571E27FC25C100BEFA15 /* Build configuration list for PBXNativeTarget "DropDownMenu" */;
			buildPhases = (
				A119570627FC25C000BEFA15 /* Sources */,
				A119570727FC25C000BEFA15 /* Frameworks */,
				A119570827FC25C000BEFA15 /* Resources */,
			);
			buildRules = (
			);
			dependencies = (
			);
			name = DropDownMenu;
			productName = DropDownMenu;
			productReference = A119570A27FC25C000BEFA15 /* DropDownMenu.app */;
			productType = "com.apple.product-type.application";
		};
/* End PBXNativeTarget section */

/* Begin PBXProject section */
		A119570227FC25C000BEFA15 /* Project object */ = {
			isa = PBXProject;
			attributes = {
				BuildIndependentTargetsInParallel = 1;
				LastSwiftUpdateCheck = 1320;
				LastUpgradeCheck = 1320;
				TargetAttributes = {
					A119570927FC25C000BEFA15 = {
						CreatedOnToolsVersion = 13.2.1;
					};
				};
			};
			buildConfigurationList = A119570527FC25C000BEFA15 /* Build configuration list for PBXProject "DropDownMenu" */;
			compatibilityVersion = "Xcode 13.0";
			developmentRegion = en;
			hasScannedForEncodings = 0;
			knownRegions = (
				en,
				Base,
			);
			mainGroup = A119570127FC25C000BEFA15;
			productRefGroup = A119570B27FC25C000BEFA15 /* Products */;
			projectDirPath = "";
			projectRoot = "";
			targets = (
				A119570927FC25C000BEFA15 /* DropDownMenu */,
			);
		};
/* End PBXProject section */

/* Begin PBXResourcesBuildPhase section */
		A119570827FC25C000BEFA15 /* Resources */ = {
			isa = PBXResourcesBuildPhase;
			buildActionMask = 2147483647;
			files = (
				A119571A27FC25C100BEFA15 /* LaunchScreen.storyboard in Resources */,
				A119571727FC25C100BEFA15 /* Assets.xcassets in Resources */,
			);
			runOnlyForDeploymentPostprocessing = 0;
		};
/* End PBXResourcesBuildPhase section */

/* Begin PBXSourcesBuildPhase section */
		A119570627FC25C000BEFA15 /* Sources */ = {
			isa = PBXSourcesBuildPhase;
			buildActionMask = 2147483647;
			files = (
				A119571227FC25C000BEFA15 /* ViewController.swift in Sources */,
				A13B2C3627FC2C820007B6A3 /* DropDownMenuState.swift in Sources */,
				A119570E27FC25C000BEFA15 /* AppDelegate.swift in Sources */,
				A13B2C3427FC2C740007B6A3 /* DropDownMenuDelegate.swift in Sources */,
				A13B2C2E27FC2C2A0007B6A3 /* DropDownMenuDisplayable.swift in Sources */,
				A13B2C2A27FC2B920007B6A3 /* Image+Enums.swift in Sources */,
				A13B2C3927FC2D900007B6A3 /* UIView+Extensions.swift in Sources */,
				A13B2C3227FC2C640007B6A3 /* DropDownMenuAnimationStyle.swift in Sources */,
				A119571027FC25C000BEFA15 /* SceneDelegate.swift in Sources */,
				A13B2C3027FC2C520007B6A3 /* DropDownMenu.swift in Sources */,
			);
			runOnlyForDeploymentPostprocessing = 0;
		};
/* End PBXSourcesBuildPhase section */

/* Begin PBXVariantGroup section */
		A119571827FC25C100BEFA15 /* LaunchScreen.storyboard */ = {
			isa = PBXVariantGroup;
			children = (
				A119571927FC25C100BEFA15 /* Base */,
			);
			name = LaunchScreen.storyboard;
			sourceTree = "<group>";
		};
/* End PBXVariantGroup section */

/* Begin XCBuildConfiguration section */
		A119571C27FC25C100BEFA15 /* Debug */ = {
			isa = XCBuildConfiguration;
			buildSettings = {
				ALWAYS_SEARCH_USER_PATHS = NO;
				CLANG_ANALYZER_NONNULL = YES;
				CLANG_ANALYZER_NUMBER_OBJECT_CONVERSION = YES_AGGRESSIVE;
				CLANG_CXX_LANGUAGE_STANDARD = "gnu++17";
				CLANG_CXX_LIBRARY = "libc++";
				CLANG_ENABLE_MODULES = YES;
				CLANG_ENABLE_OBJC_ARC = YES;
				CLANG_ENABLE_OBJC_WEAK = YES;
				CLANG_WARN_BLOCK_CAPTURE_AUTORELEASING = YES;
				CLANG_WARN_BOOL_CONVERSION = YES;
				CLANG_WARN_COMMA = YES;
				CLANG_WARN_CONSTANT_CONVERSION = YES;
				CLANG_WARN_DEPRECATED_OBJC_IMPLEMENTATIONS = YES;
				CLANG_WARN_DIRECT_OBJC_ISA_USAGE = YES_ERROR;
				CLANG_WARN_DOCUMENTATION_COMMENTS = YES;
				CLANG_WARN_EMPTY_BODY = YES;
				CLANG_WARN_ENUM_CONVERSION = YES;
				CLANG_WARN_INFINITE_RECURSION = YES;
				CLANG_WARN_INT_CONVERSION = YES;
				CLANG_WARN_NON_LITERAL_NULL_CONVERSION = YES;
				CLANG_WARN_OBJC_IMPLICIT_RETAIN_SELF = YES;
				CLANG_WARN_OBJC_LITERAL_CONVERSION = YES;
				CLANG_WARN_OBJC_ROOT_CLASS = YES_ERROR;
				CLANG_WARN_QUOTED_INCLUDE_IN_FRAMEWORK_HEADER = YES;
				CLANG_WARN_RANGE_LOOP_ANALYSIS = YES;
				CLANG_WARN_STRICT_PROTOTYPES = YES;
				CLANG_WARN_SUSPICIOUS_MOVE = YES;
				CLANG_WARN_UNGUARDED_AVAILABILITY = YES_AGGRESSIVE;
				CLANG_WARN_UNREACHABLE_CODE = YES;
				CLANG_WARN__DUPLICATE_METHOD_MATCH = YES;
				COPY_PHASE_STRIP = NO;
				DEBUG_INFORMATION_FORMAT = dwarf;
				ENABLE_STRICT_OBJC_MSGSEND = YES;
				ENABLE_TESTABILITY = YES;
				GCC_C_LANGUAGE_STANDARD = gnu11;
				GCC_DYNAMIC_NO_PIC = NO;
				GCC_NO_COMMON_BLOCKS = YES;
				GCC_OPTIMIZATION_LEVEL = 0;
				GCC_PREPROCESSOR_DEFINITIONS = (
					"DEBUG=1",
					"$(inherited)",
				);
				GCC_WARN_64_TO_32_BIT_CONVERSION = YES;
				GCC_WARN_ABOUT_RETURN_TYPE = YES_ERROR;
				GCC_WARN_UNDECLARED_SELECTOR = YES;
				GCC_WARN_UNINITIALIZED_AUTOS = YES_AGGRESSIVE;
				GCC_WARN_UNUSED_FUNCTION = YES;
				GCC_WARN_UNUSED_VARIABLE = YES;
				IPHONEOS_DEPLOYMENT_TARGET = 15.2;
				MTL_ENABLE_DEBUG_INFO = INCLUDE_SOURCE;
				MTL_FAST_MATH = YES;
				ONLY_ACTIVE_ARCH = YES;
				SDKROOT = iphoneos;
				SWIFT_ACTIVE_COMPILATION_CONDITIONS = DEBUG;
				SWIFT_OPTIMIZATION_LEVEL = "-Onone";
			};
			name = Debug;
		};
		A119571D27FC25C100BEFA15 /* Release */ = {
			isa = XCBuildConfiguration;
			buildSettings = {
				ALWAYS_SEARCH_USER_PATHS = NO;
				CLANG_ANALYZER_NONNULL = YES;
				CLANG_ANALYZER_NUMBER_OBJECT_CONVERSION = YES_AGGRESSIVE;
				CLANG_CXX_LANGUAGE_STANDARD = "gnu++17";
				CLANG_CXX_LIBRARY = "libc++";
				CLANG_ENABLE_MODULES = YES;
				CLANG_ENABLE_OBJC_ARC = YES;
				CLANG_ENABLE_OBJC_WEAK = YES;
				CLANG_WARN_BLOCK_CAPTURE_AUTORELEASING = YES;
				CLANG_WARN_BOOL_CONVERSION = YES;
				CLANG_WARN_COMMA = YES;
				CLANG_WARN_CONSTANT_CONVERSION = YES;
				CLANG_WARN_DEPRECATED_OBJC_IMPLEMENTATIONS = YES;
				CLANG_WARN_DIRECT_OBJC_ISA_USAGE = YES_ERROR;
				CLANG_WARN_DOCUMENTATION_COMMENTS = YES;
				CLANG_WARN_EMPTY_BODY = YES;
				CLANG_WARN_ENUM_CONVERSION = YES;
				CLANG_WARN_INFINITE_RECURSION = YES;
				CLANG_WARN_INT_CONVERSION = YES;
				CLANG_WARN_NON_LITERAL_NULL_CONVERSION = YES;
				CLANG_WARN_OBJC_IMPLICIT_RETAIN_SELF = YES;
				CLANG_WARN_OBJC_LITERAL_CONVERSION = YES;
				CLANG_WARN_OBJC_ROOT_CLASS = YES_ERROR;
				CLANG_WARN_QUOTED_INCLUDE_IN_FRAMEWORK_HEADER = YES;
				CLANG_WARN_RANGE_LOOP_ANALYSIS = YES;
				CLANG_WARN_STRICT_PROTOTYPES = YES;
				CLANG_WARN_SUSPICIOUS_MOVE = YES;
				CLANG_WARN_UNGUARDED_AVAILABILITY = YES_AGGRESSIVE;
				CLANG_WARN_UNREACHABLE_CODE = YES;
				CLANG_WARN__DUPLICATE_METHOD_MATCH = YES;
				COPY_PHASE_STRIP = NO;
				DEBUG_INFORMATION_FORMAT = "dwarf-with-dsym";
				ENABLE_NS_ASSERTIONS = NO;
				ENABLE_STRICT_OBJC_MSGSEND = YES;
				GCC_C_LANGUAGE_STANDARD = gnu11;
				GCC_NO_COMMON_BLOCKS = YES;
				GCC_WARN_64_TO_32_BIT_CONVERSION = YES;
				GCC_WARN_ABOUT_RETURN_TYPE = YES_ERROR;
				GCC_WARN_UNDECLARED_SELECTOR = YES;
				GCC_WARN_UNINITIALIZED_AUTOS = YES_AGGRESSIVE;
				GCC_WARN_UNUSED_FUNCTION = YES;
				GCC_WARN_UNUSED_VARIABLE = YES;
				IPHONEOS_DEPLOYMENT_TARGET = 15.2;
				MTL_ENABLE_DEBUG_INFO = NO;
				MTL_FAST_MATH = YES;
				SDKROOT = iphoneos;
				SWIFT_COMPILATION_MODE = wholemodule;
				SWIFT_OPTIMIZATION_LEVEL = "-O";
				VALIDATE_PRODUCT = YES;
			};
			name = Release;
		};
		A119571F27FC25C100BEFA15 /* Debug */ = {
			isa = XCBuildConfiguration;
			buildSettings = {
				ASSETCATALOG_COMPILER_APPICON_NAME = AppIcon;
				ASSETCATALOG_COMPILER_GLOBAL_ACCENT_COLOR_NAME = AccentColor;
				CODE_SIGN_STYLE = Automatic;
				CURRENT_PROJECT_VERSION = 1;
				DEVELOPMENT_TEAM = N698YWPB5X;
				GENERATE_INFOPLIST_FILE = YES;
				INFOPLIST_FILE = DropDownMenu/Info.plist;
				INFOPLIST_KEY_UIApplicationSupportsIndirectInputEvents = YES;
				INFOPLIST_KEY_UILaunchStoryboardName = LaunchScreen;
				INFOPLIST_KEY_UISupportedInterfaceOrientations_iPad = "UIInterfaceOrientationPortrait UIInterfaceOrientationPortraitUpsideDown UIInterfaceOrientationLandscapeLeft UIInterfaceOrientationLandscapeRight";
				INFOPLIST_KEY_UISupportedInterfaceOrientations_iPhone = "UIInterfaceOrientationPortrait UIInterfaceOrientationLandscapeLeft UIInterfaceOrientationLandscapeRight";
				LD_RUNPATH_SEARCH_PATHS = (
					"$(inherited)",
					"@executable_path/Frameworks",
				);
				MARKETING_VERSION = 1.0;
				PRODUCT_BUNDLE_IDENTIFIER = com.nicolocurioni.DropDownMenu;
				PRODUCT_NAME = "$(TARGET_NAME)";
				SWIFT_EMIT_LOC_STRINGS = YES;
				SWIFT_VERSION = 5.0;
				TARGETED_DEVICE_FAMILY = "1,2";
			};
			name = Debug;
		};
		A119572027FC25C100BEFA15 /* Release */ = {
			isa = XCBuildConfiguration;
			buildSettings = {
				ASSETCATALOG_COMPILER_APPICON_NAME = AppIcon;
				ASSETCATALOG_COMPILER_GLOBAL_ACCENT_COLOR_NAME = AccentColor;
				CODE_SIGN_STYLE = Automatic;
				CURRENT_PROJECT_VERSION = 1;
				DEVELOPMENT_TEAM = N698YWPB5X;
				GENERATE_INFOPLIST_FILE = YES;
				INFOPLIST_FILE = DropDownMenu/Info.plist;
				INFOPLIST_KEY_UIApplicationSupportsIndirectInputEvents = YES;
				INFOPLIST_KEY_UILaunchStoryboardName = LaunchScreen;
				INFOPLIST_KEY_UISupportedInterfaceOrientations_iPad = "UIInterfaceOrientationPortrait UIInterfaceOrientationPortraitUpsideDown UIInterfaceOrientationLandscapeLeft UIInterfaceOrientationLandscapeRight";
				INFOPLIST_KEY_UISupportedInterfaceOrientations_iPhone = "UIInterfaceOrientationPortrait UIInterfaceOrientationLandscapeLeft UIInterfaceOrientationLandscapeRight";
				LD_RUNPATH_SEARCH_PATHS = (
					"$(inherited)",
					"@executable_path/Frameworks",
				);
				MARKETING_VERSION = 1.0;
				PRODUCT_BUNDLE_IDENTIFIER = com.nicolocurioni.DropDownMenu;
				PRODUCT_NAME = "$(TARGET_NAME)";
				SWIFT_EMIT_LOC_STRINGS = YES;
				SWIFT_VERSION = 5.0;
				TARGETED_DEVICE_FAMILY = "1,2";
			};
			name = Release;
		};
/* End XCBuildConfiguration section */

/* Begin XCConfigurationList section */
		A119570527FC25C000BEFA15 /* Build configuration list for PBXProject "DropDownMenu" */ = {
			isa = XCConfigurationList;
			buildConfigurations = (
				A119571C27FC25C100BEFA15 /* Debug */,
				A119571D27FC25C100BEFA15 /* Release */,
			);
			defaultConfigurationIsVisible = 0;
			defaultConfigurationName = Release;
		};
		A119571E27FC25C100BEFA15 /* Build configuration list for PBXNativeTarget "DropDownMenu" */ = {
			isa = XCConfigurationList;
			buildConfigurations = (
				A119571F27FC25C100BEFA15 /* Debug */,
				A119572027FC25C100BEFA15 /* Release */,
			);
			defaultConfigurationIsVisible = 0;
			defaultConfigurationName = Release;
		};
/* End XCConfigurationList section */
	};
	rootObject = A119570227FC25C000BEFA15 /* Project object */;
}
